// !$*UTF8*$!
{
	archiveVersion = 1;
	classes = {
	};
	objectVersion = 51;
	objects = {

/* Begin PBXBuildFile section */
		7B4C832124D9B74F0076ACE4 /* AppDelegate.swift in Sources */ = {isa = PBXBuildFile; fileRef = 7B4C832024D9B74F0076ACE4 /* AppDelegate.swift */; };
		7B4C832324D9B74F0076ACE4 /* SceneDelegate.swift in Sources */ = {isa = PBXBuildFile; fileRef = 7B4C832224D9B74F0076ACE4 /* SceneDelegate.swift */; };
		7B4C832524D9B74F0076ACE4 /* ContentView.swift in Sources */ = {isa = PBXBuildFile; fileRef = 7B4C832424D9B74F0076ACE4 /* ContentView.swift */; };
		7B4C832724D9B7500076ACE4 /* Assets.xcassets in Resources */ = {isa = PBXBuildFile; fileRef = 7B4C832624D9B7500076ACE4 /* Assets.xcassets */; };
		7B4C832A24D9B7500076ACE4 /* Preview Assets.xcassets in Resources */ = {isa = PBXBuildFile; fileRef = 7B4C832924D9B7500076ACE4 /* Preview Assets.xcassets */; };
		7B4C832D24D9B7500076ACE4 /* LaunchScreen.storyboard in Resources */ = {isa = PBXBuildFile; fileRef = 7B4C832B24D9B7500076ACE4 /* LaunchScreen.storyboard */; };
		8FBA098E71CF3ECFEDC7700A /* Pods_ios_cocoa.framework in Frameworks */ = {isa = PBXBuildFile; fileRef = 1BC14BA62BB843F812BF89CB /* Pods_ios_cocoa.framework */; };
/* End PBXBuildFile section */

/* Begin PBXContainerItemProxy section */
		7B4C833424D9B7500076ACE4 /* PBXContainerItemProxy */ = {
			isa = PBXContainerItemProxy;
			containerPortal = 7B4C831524D9B74F0076ACE4 /* Project object */;
			proxyType = 1;
			remoteGlobalIDString = 7B4C831C24D9B74F0076ACE4;
			remoteInfo = "ios-cocoa";
		};
/* End PBXContainerItemProxy section */

/* Begin PBXFileReference section */
		1BC14BA62BB843F812BF89CB /* Pods_ios_cocoa.framework */ = {isa = PBXFileReference; explicitFileType = wrapper.framework; includeInIndex = 0; path = Pods_ios_cocoa.framework; sourceTree = BUILT_PRODUCTS_DIR; };
		7B4C831D24D9B74F0076ACE4 /* ios-cocoa.app */ = {isa = PBXFileReference; explicitFileType = wrapper.application; includeInIndex = 0; path = "ios-cocoa.app"; sourceTree = BUILT_PRODUCTS_DIR; };
		7B4C832024D9B74F0076ACE4 /* AppDelegate.swift */ = {isa = PBXFileReference; lastKnownFileType = sourcecode.swift; path = AppDelegate.swift; sourceTree = "<group>"; };
		7B4C832224D9B74F0076ACE4 /* SceneDelegate.swift */ = {isa = PBXFileReference; lastKnownFileType = sourcecode.swift; path = SceneDelegate.swift; sourceTree = "<group>"; };
		7B4C832424D9B74F0076ACE4 /* ContentView.swift */ = {isa = PBXFileReference; lastKnownFileType = sourcecode.swift; path = ContentView.swift; sourceTree = "<group>"; };
		7B4C832624D9B7500076ACE4 /* Assets.xcassets */ = {isa = PBXFileReference; lastKnownFileType = folder.assetcatalog; path = Assets.xcassets; sourceTree = "<group>"; };
		7B4C832924D9B7500076ACE4 /* Preview Assets.xcassets */ = {isa = PBXFileReference; lastKnownFileType = folder.assetcatalog; path = "Preview Assets.xcassets"; sourceTree = "<group>"; };
		7B4C832C24D9B7500076ACE4 /* Base */ = {isa = PBXFileReference; lastKnownFileType = file.storyboard; name = Base; path = Base.lproj/LaunchScreen.storyboard; sourceTree = "<group>"; };
		7B4C832E24D9B7500076ACE4 /* Info.plist */ = {isa = PBXFileReference; lastKnownFileType = text.plist.xml; path = Info.plist; sourceTree = "<group>"; };
		7B4C833324D9B7500076ACE4 /* ios-cocoaTests.xctest */ = {isa = PBXFileReference; explicitFileType = wrapper.cfbundle; includeInIndex = 0; path = "ios-cocoaTests.xctest"; sourceTree = BUILT_PRODUCTS_DIR; };
		9103C1AC9A1F07F46CB2F55C /* Pods-ios-cocoa.release.xcconfig */ = {isa = PBXFileReference; includeInIndex = 1; lastKnownFileType = text.xcconfig; name = "Pods-ios-cocoa.release.xcconfig"; path = "Target Support Files/Pods-ios-cocoa/Pods-ios-cocoa.release.xcconfig"; sourceTree = "<group>"; };
		CAA6FA6FB8656F29C2CD3790 /* Pods-ios-cocoa.debug.xcconfig */ = {isa = PBXFileReference; includeInIndex = 1; lastKnownFileType = text.xcconfig; name = "Pods-ios-cocoa.debug.xcconfig"; path = "Target Support Files/Pods-ios-cocoa/Pods-ios-cocoa.debug.xcconfig"; sourceTree = "<group>"; };
/* End PBXFileReference section */

/* Begin PBXFrameworksBuildPhase section */
		7B4C831A24D9B74F0076ACE4 /* Frameworks */ = {
			isa = PBXFrameworksBuildPhase;
			buildActionMask = 2147483647;
			files = (
				8FBA098E71CF3ECFEDC7700A /* Pods_ios_cocoa.framework in Frameworks */,
			);
			runOnlyForDeploymentPostprocessing = 0;
		};
		7B4C833024D9B7500076ACE4 /* Frameworks */ = {
			isa = PBXFrameworksBuildPhase;
			buildActionMask = 2147483647;
			files = (
			);
			runOnlyForDeploymentPostprocessing = 0;
		};
/* End PBXFrameworksBuildPhase section */

/* Begin PBXGroup section */
		7B4C831424D9B74F0076ACE4 = {
			isa = PBXGroup;
			children = (
				7B4C831F24D9B74F0076ACE4 /* ios-cocoa */,
				7B4C831E24D9B74F0076ACE4 /* Products */,
				9169A4FD67DF6DC12A802D96 /* Pods */,
				E5F876AC9B5537C75A2DF99F /* Frameworks */,
			);
			sourceTree = "<group>";
		};
		7B4C831E24D9B74F0076ACE4 /* Products */ = {
			isa = PBXGroup;
			children = (
				7B4C831D24D9B74F0076ACE4 /* ios-cocoa.app */,
				7B4C833324D9B7500076ACE4 /* ios-cocoaTests.xctest */,
			);
			name = Products;
			sourceTree = "<group>";
		};
		7B4C831F24D9B74F0076ACE4 /* ios-cocoa */ = {
			isa = PBXGroup;
			children = (
				7B4C832024D9B74F0076ACE4 /* AppDelegate.swift */,
				7B4C832224D9B74F0076ACE4 /* SceneDelegate.swift */,
				7B4C832424D9B74F0076ACE4 /* ContentView.swift */,
				7B4C832624D9B7500076ACE4 /* Assets.xcassets */,
				7B4C832B24D9B7500076ACE4 /* LaunchScreen.storyboard */,
				7B4C832E24D9B7500076ACE4 /* Info.plist */,
				7B4C832824D9B7500076ACE4 /* Preview Content */,
			);
			path = "ios-cocoa";
			sourceTree = "<group>";
		};
		7B4C832824D9B7500076ACE4 /* Preview Content */ = {
			isa = PBXGroup;
			children = (
				7B4C832924D9B7500076ACE4 /* Preview Assets.xcassets */,
			);
			path = "Preview Content";
			sourceTree = "<group>";
		};
		9169A4FD67DF6DC12A802D96 /* Pods */ = {
			isa = PBXGroup;
			children = (
				CAA6FA6FB8656F29C2CD3790 /* Pods-ios-cocoa.debug.xcconfig */,
				9103C1AC9A1F07F46CB2F55C /* Pods-ios-cocoa.release.xcconfig */,
			);
			path = Pods;
			sourceTree = "<group>";
		};
		E5F876AC9B5537C75A2DF99F /* Frameworks */ = {
			isa = PBXGroup;
			children = (
				1BC14BA62BB843F812BF89CB /* Pods_ios_cocoa.framework */,
			);
			name = Frameworks;
			sourceTree = "<group>";
		};
/* End PBXGroup section */

/* Begin PBXNativeTarget section */
		7B4C831C24D9B74F0076ACE4 /* ios-cocoa */ = {
			isa = PBXNativeTarget;
			buildConfigurationList = 7B4C833C24D9B7500076ACE4 /* Build configuration list for PBXNativeTarget "ios-cocoa" */;
			buildPhases = (
				234A671CB4535D8E58B48532 /* [CP] Check Pods Manifest.lock */,
				7B4C831924D9B74F0076ACE4 /* Sources */,
				7B4C831A24D9B74F0076ACE4 /* Frameworks */,
				7B4C831B24D9B74F0076ACE4 /* Resources */,
				7DD48C11BFA99C2DC33579FC /* [CP] Embed Pods Frameworks */,
			);
			buildRules = (
			);
			dependencies = (
			);
			name = "ios-cocoa";
			productName = "ios-cocoa";
			productReference = 7B4C831D24D9B74F0076ACE4 /* ios-cocoa.app */;
			productType = "com.apple.product-type.application";
		};
		7B4C833224D9B7500076ACE4 /* ios-cocoaTests */ = {
			isa = PBXNativeTarget;
			buildConfigurationList = 7B4C833F24D9B7500076ACE4 /* Build configuration list for PBXNativeTarget "ios-cocoaTests" */;
			buildPhases = (
				7B4C832F24D9B7500076ACE4 /* Sources */,
				7B4C833024D9B7500076ACE4 /* Frameworks */,
				7B4C833124D9B7500076ACE4 /* Resources */,
			);
			buildRules = (
			);
			dependencies = (
				7B4C833524D9B7500076ACE4 /* PBXTargetDependency */,
			);
			name = "ios-cocoaTests";
			productName = "ios-cocoaTests";
			productReference = 7B4C833324D9B7500076ACE4 /* ios-cocoaTests.xctest */;
			productType = "com.apple.product-type.bundle.unit-test";
		};
/* End PBXNativeTarget section */

/* Begin PBXProject section */
		7B4C831524D9B74F0076ACE4 /* Project object */ = {
			isa = PBXProject;
			attributes = {
				LastSwiftUpdateCheck = 1160;
				LastUpgradeCheck = 1160;
				ORGANIZATIONNAME = "GetSentry LLC";
				TargetAttributes = {
					7B4C831C24D9B74F0076ACE4 = {
						CreatedOnToolsVersion = 11.6;
					};
					7B4C833224D9B7500076ACE4 = {
						CreatedOnToolsVersion = 11.6;
						TestTargetID = 7B4C831C24D9B74F0076ACE4;
					};
				};
			};
			buildConfigurationList = 7B4C831824D9B74F0076ACE4 /* Build configuration list for PBXProject "ios-cocoa" */;
			compatibilityVersion = "Xcode 9.3";
			developmentRegion = en;
			hasScannedForEncodings = 0;
			knownRegions = (
				en,
				Base,
			);
			mainGroup = 7B4C831424D9B74F0076ACE4;
			productRefGroup = 7B4C831E24D9B74F0076ACE4 /* Products */;
			projectDirPath = "";
			projectRoot = "";
			targets = (
				7B4C831C24D9B74F0076ACE4 /* ios-cocoa */,
				7B4C833224D9B7500076ACE4 /* ios-cocoaTests */,
			);
		};
/* End PBXProject section */

/* Begin PBXResourcesBuildPhase section */
		7B4C831B24D9B74F0076ACE4 /* Resources */ = {
			isa = PBXResourcesBuildPhase;
			buildActionMask = 2147483647;
			files = (
				7B4C832D24D9B7500076ACE4 /* LaunchScreen.storyboard in Resources */,
				7B4C832A24D9B7500076ACE4 /* Preview Assets.xcassets in Resources */,
				7B4C832724D9B7500076ACE4 /* Assets.xcassets in Resources */,
			);
			runOnlyForDeploymentPostprocessing = 0;
		};
		7B4C833124D9B7500076ACE4 /* Resources */ = {
			isa = PBXResourcesBuildPhase;
			buildActionMask = 2147483647;
			files = (
			);
			runOnlyForDeploymentPostprocessing = 0;
		};
/* End PBXResourcesBuildPhase section */

/* Begin PBXShellScriptBuildPhase section */
		234A671CB4535D8E58B48532 /* [CP] Check Pods Manifest.lock */ = {
			isa = PBXShellScriptBuildPhase;
			buildActionMask = 2147483647;
			files = (
			);
			inputFileListPaths = (
			);
			inputPaths = (
				"${PODS_PODFILE_DIR_PATH}/Podfile.lock",
				"${PODS_ROOT}/Manifest.lock",
			);
			name = "[CP] Check Pods Manifest.lock";
			outputFileListPaths = (
			);
			outputPaths = (
				"$(DERIVED_FILE_DIR)/Pods-ios-cocoa-checkManifestLockResult.txt",
			);
			runOnlyForDeploymentPostprocessing = 0;
			shellPath = /bin/sh;
			shellScript = "diff \"${PODS_PODFILE_DIR_PATH}/Podfile.lock\" \"${PODS_ROOT}/Manifest.lock\" > /dev/null\nif [ $? != 0 ] ; then\n    # print error to STDERR\n    echo \"error: The sandbox is not in sync with the Podfile.lock. Run 'pod install' or update your CocoaPods installation.\" >&2\n    exit 1\nfi\n# This output is used by Xcode 'outputs' to avoid re-running this script phase.\necho \"SUCCESS\" > \"${SCRIPT_OUTPUT_FILE_0}\"\n";
			showEnvVarsInLog = 0;
		};
		7DD48C11BFA99C2DC33579FC /* [CP] Embed Pods Frameworks */ = {
			isa = PBXShellScriptBuildPhase;
			buildActionMask = 2147483647;
			files = (
			);
			inputFileListPaths = (
				"${PODS_ROOT}/Target Support Files/Pods-ios-cocoa/Pods-ios-cocoa-frameworks-${CONFIGURATION}-input-files.xcfilelist",
			);
			name = "[CP] Embed Pods Frameworks";
			outputFileListPaths = (
				"${PODS_ROOT}/Target Support Files/Pods-ios-cocoa/Pods-ios-cocoa-frameworks-${CONFIGURATION}-output-files.xcfilelist",
			);
			runOnlyForDeploymentPostprocessing = 0;
			shellPath = /bin/sh;
			shellScript = "\"${PODS_ROOT}/Target Support Files/Pods-ios-cocoa/Pods-ios-cocoa-frameworks.sh\"\n";
			showEnvVarsInLog = 0;
		};
/* End PBXShellScriptBuildPhase section */

/* Begin PBXSourcesBuildPhase section */
		7B4C831924D9B74F0076ACE4 /* Sources */ = {
			isa = PBXSourcesBuildPhase;
			buildActionMask = 2147483647;
			files = (
				7B4C832124D9B74F0076ACE4 /* AppDelegate.swift in Sources */,
				7B4C832324D9B74F0076ACE4 /* SceneDelegate.swift in Sources */,
				7B4C832524D9B74F0076ACE4 /* ContentView.swift in Sources */,
			);
			runOnlyForDeploymentPostprocessing = 0;
		};
		7B4C832F24D9B7500076ACE4 /* Sources */ = {
			isa = PBXSourcesBuildPhase;
			buildActionMask = 2147483647;
			files = (
			);
			runOnlyForDeploymentPostprocessing = 0;
		};
/* End PBXSourcesBuildPhase section */

/* Begin PBXTargetDependency section */
		7B4C833524D9B7500076ACE4 /* PBXTargetDependency */ = {
			isa = PBXTargetDependency;
			target = 7B4C831C24D9B74F0076ACE4 /* ios-cocoa */;
			targetProxy = 7B4C833424D9B7500076ACE4 /* PBXContainerItemProxy */;
		};
/* End PBXTargetDependency section */

/* Begin PBXVariantGroup section */
		7B4C832B24D9B7500076ACE4 /* LaunchScreen.storyboard */ = {
			isa = PBXVariantGroup;
			children = (
				7B4C832C24D9B7500076ACE4 /* Base */,
			);
			name = LaunchScreen.storyboard;
			sourceTree = "<group>";
		};
/* End PBXVariantGroup section */

/* Begin XCBuildConfiguration section */
		7B4C833A24D9B7500076ACE4 /* Debug */ = {
			isa = XCBuildConfiguration;
			buildSettings = {
				ALWAYS_SEARCH_USER_PATHS = NO;
				CLANG_ANALYZER_NONNULL = YES;
				CLANG_ANALYZER_NUMBER_OBJECT_CONVERSION = YES_AGGRESSIVE;
				CLANG_CXX_LANGUAGE_STANDARD = "gnu++14";
				CLANG_CXX_LIBRARY = "libc++";
				CLANG_ENABLE_MODULES = YES;
				CLANG_ENABLE_OBJC_ARC = YES;
				CLANG_ENABLE_OBJC_WEAK = YES;
				CLANG_WARN_BLOCK_CAPTURE_AUTORELEASING = YES;
				CLANG_WARN_BOOL_CONVERSION = YES;
				CLANG_WARN_COMMA = YES;
				CLANG_WARN_CONSTANT_CONVERSION = YES;
				CLANG_WARN_DEPRECATED_OBJC_IMPLEMENTATIONS = YES;
				CLANG_WARN_DIRECT_OBJC_ISA_USAGE = YES_ERROR;
				CLANG_WARN_DOCUMENTATION_COMMENTS = YES;
				CLANG_WARN_EMPTY_BODY = YES;
				CLANG_WARN_ENUM_CONVERSION = YES;
				CLANG_WARN_INFINITE_RECURSION = YES;
				CLANG_WARN_INT_CONVERSION = YES;
				CLANG_WARN_NON_LITERAL_NULL_CONVERSION = YES;
				CLANG_WARN_OBJC_IMPLICIT_RETAIN_SELF = YES;
				CLANG_WARN_OBJC_LITERAL_CONVERSION = YES;
				CLANG_WARN_OBJC_ROOT_CLASS = YES_ERROR;
				CLANG_WARN_RANGE_LOOP_ANALYSIS = YES;
				CLANG_WARN_STRICT_PROTOTYPES = YES;
				CLANG_WARN_SUSPICIOUS_MOVE = YES;
				CLANG_WARN_UNGUARDED_AVAILABILITY = YES_AGGRESSIVE;
				CLANG_WARN_UNREACHABLE_CODE = YES;
				CLANG_WARN__DUPLICATE_METHOD_MATCH = YES;
				COPY_PHASE_STRIP = NO;
				DEBUG_INFORMATION_FORMAT = dwarf;
				ENABLE_STRICT_OBJC_MSGSEND = YES;
				ENABLE_TESTABILITY = YES;
				GCC_C_LANGUAGE_STANDARD = gnu11;
				GCC_DYNAMIC_NO_PIC = NO;
				GCC_NO_COMMON_BLOCKS = YES;
				GCC_OPTIMIZATION_LEVEL = 0;
				GCC_PREPROCESSOR_DEFINITIONS = (
					"DEBUG=1",
					"$(inherited)",
				);
				GCC_WARN_64_TO_32_BIT_CONVERSION = YES;
				GCC_WARN_ABOUT_RETURN_TYPE = YES_ERROR;
				GCC_WARN_UNDECLARED_SELECTOR = YES;
				GCC_WARN_UNINITIALIZED_AUTOS = YES_AGGRESSIVE;
				GCC_WARN_UNUSED_FUNCTION = YES;
				GCC_WARN_UNUSED_VARIABLE = YES;
				IPHONEOS_DEPLOYMENT_TARGET = 13.6;
				MTL_ENABLE_DEBUG_INFO = INCLUDE_SOURCE;
				MTL_FAST_MATH = YES;
				ONLY_ACTIVE_ARCH = YES;
				SDKROOT = iphoneos;
				SWIFT_ACTIVE_COMPILATION_CONDITIONS = DEBUG;
				SWIFT_OPTIMIZATION_LEVEL = "-Onone";
			};
			name = Debug;
		};
		7B4C833B24D9B7500076ACE4 /* Release */ = {
			isa = XCBuildConfiguration;
			buildSettings = {
				ALWAYS_SEARCH_USER_PATHS = NO;
				CLANG_ANALYZER_NONNULL = YES;
				CLANG_ANALYZER_NUMBER_OBJECT_CONVERSION = YES_AGGRESSIVE;
				CLANG_CXX_LANGUAGE_STANDARD = "gnu++14";
				CLANG_CXX_LIBRARY = "libc++";
				CLANG_ENABLE_MODULES = YES;
				CLANG_ENABLE_OBJC_ARC = YES;
				CLANG_ENABLE_OBJC_WEAK = YES;
				CLANG_WARN_BLOCK_CAPTURE_AUTORELEASING = YES;
				CLANG_WARN_BOOL_CONVERSION = YES;
				CLANG_WARN_COMMA = YES;
				CLANG_WARN_CONSTANT_CONVERSION = YES;
				CLANG_WARN_DEPRECATED_OBJC_IMPLEMENTATIONS = YES;
				CLANG_WARN_DIRECT_OBJC_ISA_USAGE = YES_ERROR;
				CLANG_WARN_DOCUMENTATION_COMMENTS = YES;
				CLANG_WARN_EMPTY_BODY = YES;
				CLANG_WARN_ENUM_CONVERSION = YES;
				CLANG_WARN_INFINITE_RECURSION = YES;
				CLANG_WARN_INT_CONVERSION = YES;
				CLANG_WARN_NON_LITERAL_NULL_CONVERSION = YES;
				CLANG_WARN_OBJC_IMPLICIT_RETAIN_SELF = YES;
				CLANG_WARN_OBJC_LITERAL_CONVERSION = YES;
				CLANG_WARN_OBJC_ROOT_CLASS = YES_ERROR;
				CLANG_WARN_RANGE_LOOP_ANALYSIS = YES;
				CLANG_WARN_STRICT_PROTOTYPES = YES;
				CLANG_WARN_SUSPICIOUS_MOVE = YES;
				CLANG_WARN_UNGUARDED_AVAILABILITY = YES_AGGRESSIVE;
				CLANG_WARN_UNREACHABLE_CODE = YES;
				CLANG_WARN__DUPLICATE_METHOD_MATCH = YES;
				COPY_PHASE_STRIP = NO;
				DEBUG_INFORMATION_FORMAT = "dwarf-with-dsym";
				ENABLE_NS_ASSERTIONS = NO;
				ENABLE_STRICT_OBJC_MSGSEND = YES;
				GCC_C_LANGUAGE_STANDARD = gnu11;
				GCC_NO_COMMON_BLOCKS = YES;
				GCC_WARN_64_TO_32_BIT_CONVERSION = YES;
				GCC_WARN_ABOUT_RETURN_TYPE = YES_ERROR;
				GCC_WARN_UNDECLARED_SELECTOR = YES;
				GCC_WARN_UNINITIALIZED_AUTOS = YES_AGGRESSIVE;
				GCC_WARN_UNUSED_FUNCTION = YES;
				GCC_WARN_UNUSED_VARIABLE = YES;
				IPHONEOS_DEPLOYMENT_TARGET = 13.6;
				MTL_ENABLE_DEBUG_INFO = NO;
				MTL_FAST_MATH = YES;
				SDKROOT = iphoneos;
				SWIFT_COMPILATION_MODE = wholemodule;
				SWIFT_OPTIMIZATION_LEVEL = "-O";
				VALIDATE_PRODUCT = YES;
			};
			name = Release;
		};
		7B4C833D24D9B7500076ACE4 /* Debug */ = {
			isa = XCBuildConfiguration;
			baseConfigurationReference = CAA6FA6FB8656F29C2CD3790 /* Pods-ios-cocoa.debug.xcconfig */;
			buildSettings = {
				ASSETCATALOG_COMPILER_APPICON_NAME = AppIcon;
				CODE_SIGN_STYLE = Automatic;
				DEVELOPMENT_ASSET_PATHS = "\"ios-cocoa/Preview Content\"";
				DEVELOPMENT_TEAM = 97JCY7859U;
				ENABLE_PREVIEWS = YES;
				INFOPLIST_FILE = "ios-cocoa/Info.plist";
				LD_RUNPATH_SEARCH_PATHS = (
					"$(inherited)",
					"@executable_path/Frameworks",
				);
				PRODUCT_BUNDLE_IDENTIFIER = "io.sentry.kmp.ios-cocoa";
				PRODUCT_NAME = "$(TARGET_NAME)";
				SWIFT_VERSION = 5.0;
				TARGETED_DEVICE_FAMILY = "1,2";
			};
			name = Debug;
		};
		7B4C833E24D9B7500076ACE4 /* Release */ = {
			isa = XCBuildConfiguration;
			baseConfigurationReference = 9103C1AC9A1F07F46CB2F55C /* Pods-ios-cocoa.release.xcconfig */;
			buildSettings = {
				ASSETCATALOG_COMPILER_APPICON_NAME = AppIcon;
				CODE_SIGN_STYLE = Automatic;
				DEVELOPMENT_ASSET_PATHS = "\"ios-cocoa/Preview Content\"";
				DEVELOPMENT_TEAM = 97JCY7859U;
				ENABLE_PREVIEWS = YES;
				INFOPLIST_FILE = "ios-cocoa/Info.plist";
				LD_RUNPATH_SEARCH_PATHS = (
					"$(inherited)",
					"@executable_path/Frameworks",
				);
				PRODUCT_BUNDLE_IDENTIFIER = "io.sentry.kmp.ios-cocoa";
				PRODUCT_NAME = "$(TARGET_NAME)";
				SWIFT_VERSION = 5.0;
				TARGETED_DEVICE_FAMILY = "1,2";
			};
			name = Release;
		};
		7B4C834024D9B7500076ACE4 /* Debug */ = {
			isa = XCBuildConfiguration;
			buildSettings = {
				ALWAYS_EMBED_SWIFT_STANDARD_LIBRARIES = YES;
				BUNDLE_LOADER = "$(TEST_HOST)";
				CODE_SIGN_STYLE = Automatic;
				DEVELOPMENT_TEAM = 97JCY7859U;
				INFOPLIST_FILE = "ios-cocoaTests/Info.plist";
				IPHONEOS_DEPLOYMENT_TARGET = 13.6;
				LD_RUNPATH_SEARCH_PATHS = (
					"$(inherited)",
					"@executable_path/Frameworks",
					"@loader_path/Frameworks",
				);
				PRODUCT_BUNDLE_IDENTIFIER = "io.sentry.kmp.ios-cocoaTests";
				PRODUCT_NAME = "$(TARGET_NAME)";
				SWIFT_VERSION = 5.0;
				TARGETED_DEVICE_FAMILY = "1,2";
				TEST_HOST = "$(BUILT_PRODUCTS_DIR)/ios-cocoa.app/ios-cocoa";
			};
			name = Debug;
		};
		7B4C834124D9B7500076ACE4 /* Release */ = {
			isa = XCBuildConfiguration;
			buildSettings = {
				ALWAYS_EMBED_SWIFT_STANDARD_LIBRARIES = YES;
				BUNDLE_LOADER = "$(TEST_HOST)";
				CODE_SIGN_STYLE = Automatic;
				DEVELOPMENT_TEAM = 97JCY7859U;
				INFOPLIST_FILE = "ios-cocoaTests/Info.plist";
				IPHONEOS_DEPLOYMENT_TARGET = 13.6;
				LD_RUNPATH_SEARCH_PATHS = (
					"$(inherited)",
					"@executable_path/Frameworks",
					"@loader_path/Frameworks",
				);
				PRODUCT_BUNDLE_IDENTIFIER = "io.sentry.kmp.ios-cocoaTests";
				PRODUCT_NAME = "$(TARGET_NAME)";
				SWIFT_VERSION = 5.0;
				TARGETED_DEVICE_FAMILY = "1,2";
				TEST_HOST = "$(BUILT_PRODUCTS_DIR)/ios-cocoa.app/ios-cocoa";
			};
			name = Release;
		};
/* End XCBuildConfiguration section */

/* Begin XCConfigurationList section */
		7B4C831824D9B74F0076ACE4 /* Build configuration list for PBXProject "ios-cocoa" */ = {
			isa = XCConfigurationList;
			buildConfigurations = (
				7B4C833A24D9B7500076ACE4 /* Debug */,
				7B4C833B24D9B7500076ACE4 /* Release */,
			);
			defaultConfigurationIsVisible = 0;
			defaultConfigurationName = Release;
		};
		7B4C833C24D9B7500076ACE4 /* Build configuration list for PBXNativeTarget "ios-cocoa" */ = {
			isa = XCConfigurationList;
			buildConfigurations = (
				7B4C833D24D9B7500076ACE4 /* Debug */,
				7B4C833E24D9B7500076ACE4 /* Release */,
			);
			defaultConfigurationIsVisible = 0;
			defaultConfigurationName = Release;
		};
		7B4C833F24D9B7500076ACE4 /* Build configuration list for PBXNativeTarget "ios-cocoaTests" */ = {
			isa = XCConfigurationList;
			buildConfigurations = (
				7B4C834024D9B7500076ACE4 /* Debug */,
				7B4C834124D9B7500076ACE4 /* Release */,
			);
			defaultConfigurationIsVisible = 0;
			defaultConfigurationName = Release;
		};
/* End XCConfigurationList section */
	};
	rootObject = 7B4C831524D9B74F0076ACE4 /* Project object */;
}
