PODS:
  - Sentry (8.32.0):
    - Sentry/Core (= 8.32.0)
  - Sentry/Core (8.32.0)
  - shared (1.0):
    - Sentry (= 8.32.0)

DEPENDENCIES:
  - shared (from `../shared`)

SPEC REPOS:
  trunk:
    - Sentry

EXTERNAL SOURCES:
  shared:
    :path: "../shared"

SPEC CHECKSUMS:
  Sentry: 96ae1dcdf01a644bc3a3b1dc279cecaf48a833fb
  shared: c7fdde4876d54b572233b6be462d2e4214247e66

PODFILE CHECKSUM: f282da88f39e69507b0a255187c8a6b644477756

COCOAPODS: 1.15.2
