PODS:
  - Sentry (8.19.0):
    - Sentry/Core (= 8.19.0)
    - SentryPrivate (= 8.19.0)
  - Sentry/Core (8.19.0):
    - SentryPrivate (= 8.19.0)
  - SentryPrivate (8.19.0)
  - shared (1.0):
    - Sentry (= 8.19.0)

DEPENDENCIES:
  - shared (from `../shared`)

SPEC REPOS:
  trunk:
    - Sentry
    - SentryPrivate

EXTERNAL SOURCES:
  shared:
    :path: "../shared"

SPEC CHECKSUMS:
  Sentry: 64a9f9c3637af913adcf53deced05bbe452d1410
  SentryPrivate: 024c6fed507ac39ae98e6d087034160f942920d5
  shared: f681f4f7985339115141ec3c60e7b9ae150e0a16

PODFILE CHECKSUM: f282da88f39e69507b0a255187c8a6b644477756

COCOAPODS: 1.14.3
