PODS:
  - Sentry (8.25.0):
    - Sentry/Core (= 8.25.0)
  - Sentry/Core (8.25.0)
  - shared (1.0):
    - Sentry (= 8.25.0)

DEPENDENCIES:
  - shared (from `../shared`)

SPEC REPOS:
  trunk:
    - Sentry

EXTERNAL SOURCES:
  shared:
    :path: "../shared"

SPEC CHECKSUMS:
  Sentry: cd86fc55628f5b7c572cabe66cc8f95a9d2f165a
  shared: 9b60306d775c7bb09035fb0d355ab1a6f253e819

PODFILE CHECKSUM: f282da88f39e69507b0a255187c8a6b644477756

COCOAPODS: 1.15.2
