// !$*UTF8*$!
{
	archiveVersion = 1;
	classes = {
	};
	objectVersion = 50;
	objects = {

/* Begin PBXBuildFile section */
		7B4C835224DAFDF50076ACE4 /* AppDelegate.swift in Sources */ = {isa = PBXBuildFile; fileRef = 7B4C835124DAFDF50076ACE4 /* AppDelegate.swift */; };
		7B4C835424DAFDF50076ACE4 /* SceneDelegate.swift in Sources */ = {isa = PBXBuildFile; fileRef = 7B4C835324DAFDF50076ACE4 /* SceneDelegate.swift */; };
		7B4C835624DAFDF50076ACE4 /* ContentView.swift in Sources */ = {isa = PBXBuildFile; fileRef = 7B4C835524DAFDF50076ACE4 /* ContentView.swift */; };
		7B4C835824DAFDF70076ACE4 /* Assets.xcassets in Resources */ = {isa = PBXBuildFile; fileRef = 7B4C835724DAFDF70076ACE4 /* Assets.xcassets */; };
		7B4C835B24DAFDF70076ACE4 /* Preview Assets.xcassets in Resources */ = {isa = PBXBuildFile; fileRef = 7B4C835A24DAFDF70076ACE4 /* Preview Assets.xcassets */; };
		7B4C835E24DAFDF70076ACE4 /* LaunchScreen.storyboard in Resources */ = {isa = PBXBuildFile; fileRef = 7B4C835C24DAFDF70076ACE4 /* LaunchScreen.storyboard */; };
		7B4C836924DAFDF70076ACE4 /* mobile_app_iosTests.swift in Sources */ = {isa = PBXBuildFile; fileRef = 7B4C836824DAFDF70076ACE4 /* mobile_app_iosTests.swift */; };
		7B4C837524DAFE310076ACE4 /* app.framework in Frameworks */ = {isa = PBXBuildFile; fileRef = 7B4C837424DAFE310076ACE4 /* app.framework */; };
		7B4C837624DAFE310076ACE4 /* app.framework in Embed Frameworks */ = {isa = PBXBuildFile; fileRef = 7B4C837424DAFE310076ACE4 /* app.framework */; settings = {ATTRIBUTES = (CodeSignOnCopy, RemoveHeadersOnCopy, ); }; };
/* End PBXBuildFile section */

/* Begin PBXContainerItemProxy section */
		7B4C836524DAFDF70076ACE4 /* PBXContainerItemProxy */ = {
			isa = PBXContainerItemProxy;
			containerPortal = 7B4C834624DAFDF40076ACE4 /* Project object */;
			proxyType = 1;
			remoteGlobalIDString = 7B4C834D24DAFDF50076ACE4;
			remoteInfo = "mobile-app-ios";
		};
/* End PBXContainerItemProxy section */

/* Begin PBXCopyFilesBuildPhase section */
		7B4C837724DAFE310076ACE4 /* Embed Frameworks */ = {
			isa = PBXCopyFilesBuildPhase;
			buildActionMask = 2147483647;
			dstPath = "";
			dstSubfolderSpec = 10;
			files = (
				7B4C837624DAFE310076ACE4 /* app.framework in Embed Frameworks */,
			);
			name = "Embed Frameworks";
			runOnlyForDeploymentPostprocessing = 0;
		};
/* End PBXCopyFilesBuildPhase section */

/* Begin PBXFileReference section */
		7B4C834E24DAFDF50076ACE4 /* mobile-app-ios.app */ = {isa = PBXFileReference; explicitFileType = wrapper.application; includeInIndex = 0; path = "mobile-app-ios.app"; sourceTree = BUILT_PRODUCTS_DIR; };
		7B4C835124DAFDF50076ACE4 /* AppDelegate.swift */ = {isa = PBXFileReference; lastKnownFileType = sourcecode.swift; path = AppDelegate.swift; sourceTree = "<group>"; };
		7B4C835324DAFDF50076ACE4 /* SceneDelegate.swift */ = {isa = PBXFileReference; lastKnownFileType = sourcecode.swift; path = SceneDelegate.swift; sourceTree = "<group>"; };
		7B4C835524DAFDF50076ACE4 /* ContentView.swift */ = {isa = PBXFileReference; lastKnownFileType = sourcecode.swift; path = ContentView.swift; sourceTree = "<group>"; };
		7B4C835724DAFDF70076ACE4 /* Assets.xcassets */ = {isa = PBXFileReference; lastKnownFileType = folder.assetcatalog; path = Assets.xcassets; sourceTree = "<group>"; };
		7B4C835A24DAFDF70076ACE4 /* Preview Assets.xcassets */ = {isa = PBXFileReference; lastKnownFileType = folder.assetcatalog; path = "Preview Assets.xcassets"; sourceTree = "<group>"; };
		7B4C835D24DAFDF70076ACE4 /* Base */ = {isa = PBXFileReference; lastKnownFileType = file.storyboard; name = Base; path = Base.lproj/LaunchScreen.storyboard; sourceTree = "<group>"; };
		7B4C835F24DAFDF70076ACE4 /* Info.plist */ = {isa = PBXFileReference; lastKnownFileType = text.plist.xml; path = Info.plist; sourceTree = "<group>"; };
		7B4C836424DAFDF70076ACE4 /* mobile-app-iosTests.xctest */ = {isa = PBXFileReference; explicitFileType = wrapper.cfbundle; includeInIndex = 0; path = "mobile-app-iosTests.xctest"; sourceTree = BUILT_PRODUCTS_DIR; };
		7B4C836824DAFDF70076ACE4 /* mobile_app_iosTests.swift */ = {isa = PBXFileReference; lastKnownFileType = sourcecode.swift; path = mobile_app_iosTests.swift; sourceTree = "<group>"; };
		7B4C836A24DAFDF70076ACE4 /* Info.plist */ = {isa = PBXFileReference; lastKnownFileType = text.plist.xml; path = Info.plist; sourceTree = "<group>"; };
		7B4C837424DAFE310076ACE4 /* app.framework */ = {isa = PBXFileReference; lastKnownFileType = wrapper.framework; name = app.framework; path = "../app/build/xcode-frameworks/app.framework"; sourceTree = "<group>"; };
/* End PBXFileReference section */

/* Begin PBXFrameworksBuildPhase section */
		7B4C834B24DAFDF50076ACE4 /* Frameworks */ = {
			isa = PBXFrameworksBuildPhase;
			buildActionMask = 2147483647;
			files = (
				7B4C837524DAFE310076ACE4 /* app.framework in Frameworks */,
			);
			runOnlyForDeploymentPostprocessing = 0;
		};
		7B4C836124DAFDF70076ACE4 /* Frameworks */ = {
			isa = PBXFrameworksBuildPhase;
			buildActionMask = 2147483647;
			files = (
			);
			runOnlyForDeploymentPostprocessing = 0;
		};
/* End PBXFrameworksBuildPhase section */

/* Begin PBXGroup section */
		7B4C834524DAFDF40076ACE4 = {
			isa = PBXGroup;
			children = (
				7B4C835024DAFDF50076ACE4 /* mobile-app-ios */,
				7B4C836724DAFDF70076ACE4 /* mobile-app-iosTests */,
				7B4C834F24DAFDF50076ACE4 /* Products */,
				7B4C837324DAFE300076ACE4 /* Frameworks */,
			);
			sourceTree = "<group>";
		};
		7B4C834F24DAFDF50076ACE4 /* Products */ = {
			isa = PBXGroup;
			children = (
				7B4C834E24DAFDF50076ACE4 /* mobile-app-ios.app */,
				7B4C836424DAFDF70076ACE4 /* mobile-app-iosTests.xctest */,
			);
			name = Products;
			sourceTree = "<group>";
		};
		7B4C835024DAFDF50076ACE4 /* mobile-app-ios */ = {
			isa = PBXGroup;
			children = (
				7B4C835124DAFDF50076ACE4 /* AppDelegate.swift */,
				7B4C835324DAFDF50076ACE4 /* SceneDelegate.swift */,
				7B4C835524DAFDF50076ACE4 /* ContentView.swift */,
				7B4C835724DAFDF70076ACE4 /* Assets.xcassets */,
				7B4C835C24DAFDF70076ACE4 /* LaunchScreen.storyboard */,
				7B4C835F24DAFDF70076ACE4 /* Info.plist */,
				7B4C835924DAFDF70076ACE4 /* Preview Content */,
			);
			path = "mobile-app-ios";
			sourceTree = "<group>";
		};
		7B4C835924DAFDF70076ACE4 /* Preview Content */ = {
			isa = PBXGroup;
			children = (
				7B4C835A24DAFDF70076ACE4 /* Preview Assets.xcassets */,
			);
			path = "Preview Content";
			sourceTree = "<group>";
		};
		7B4C836724DAFDF70076ACE4 /* mobile-app-iosTests */ = {
			isa = PBXGroup;
			children = (
				7B4C836824DAFDF70076ACE4 /* mobile_app_iosTests.swift */,
				7B4C836A24DAFDF70076ACE4 /* Info.plist */,
			);
			path = "mobile-app-iosTests";
			sourceTree = "<group>";
		};
		7B4C837324DAFE300076ACE4 /* Frameworks */ = {
			isa = PBXGroup;
			children = (
				7B4C837424DAFE310076ACE4 /* app.framework */,
			);
			name = Frameworks;
			sourceTree = "<group>";
		};
/* End PBXGroup section */

/* Begin PBXNativeTarget section */
		7B4C834D24DAFDF50076ACE4 /* mobile-app-ios */ = {
			isa = PBXNativeTarget;
			buildConfigurationList = 7B4C836D24DAFDF70076ACE4 /* Build configuration list for PBXNativeTarget "mobile-app-ios" */;
			buildPhases = (
				7B4C834A24DAFDF50076ACE4 /* Sources */,
				7B4C834B24DAFDF50076ACE4 /* Frameworks */,
				7B4C834C24DAFDF50076ACE4 /* Resources */,
				7B4C837724DAFE310076ACE4 /* Embed Frameworks */,
				7B4C837824DAFE9A0076ACE4 /* ShellScript */,
			);
			buildRules = (
			);
			dependencies = (
			);
			name = "mobile-app-ios";
			productName = "mobile-app-ios";
			productReference = 7B4C834E24DAFDF50076ACE4 /* mobile-app-ios.app */;
			productType = "com.apple.product-type.application";
		};
		7B4C836324DAFDF70076ACE4 /* mobile-app-iosTests */ = {
			isa = PBXNativeTarget;
			buildConfigurationList = 7B4C837024DAFDF70076ACE4 /* Build configuration list for PBXNativeTarget "mobile-app-iosTests" */;
			buildPhases = (
				7B4C836024DAFDF70076ACE4 /* Sources */,
				7B4C836124DAFDF70076ACE4 /* Frameworks */,
				7B4C836224DAFDF70076ACE4 /* Resources */,
			);
			buildRules = (
			);
			dependencies = (
				7B4C836624DAFDF70076ACE4 /* PBXTargetDependency */,
			);
			name = "mobile-app-iosTests";
			productName = "mobile-app-iosTests";
			productReference = 7B4C836424DAFDF70076ACE4 /* mobile-app-iosTests.xctest */;
			productType = "com.apple.product-type.bundle.unit-test";
		};
/* End PBXNativeTarget section */

/* Begin PBXProject section */
		7B4C834624DAFDF40076ACE4 /* Project object */ = {
			isa = PBXProject;
			attributes = {
				LastSwiftUpdateCheck = 1160;
				LastUpgradeCheck = 1160;
				ORGANIZATIONNAME = "GetSentry LLC";
				TargetAttributes = {
					7B4C834D24DAFDF50076ACE4 = {
						CreatedOnToolsVersion = 11.6;
					};
					7B4C836324DAFDF70076ACE4 = {
						CreatedOnToolsVersion = 11.6;
						TestTargetID = 7B4C834D24DAFDF50076ACE4;
					};
				};
			};
			buildConfigurationList = 7B4C834924DAFDF40076ACE4 /* Build configuration list for PBXProject "mobile-app-ios" */;
			compatibilityVersion = "Xcode 9.3";
			developmentRegion = en;
			hasScannedForEncodings = 0;
			knownRegions = (
				en,
				Base,
			);
			mainGroup = 7B4C834524DAFDF40076ACE4;
			productRefGroup = 7B4C834F24DAFDF50076ACE4 /* Products */;
			projectDirPath = "";
			projectRoot = "";
			targets = (
				7B4C834D24DAFDF50076ACE4 /* mobile-app-ios */,
				7B4C836324DAFDF70076ACE4 /* mobile-app-iosTests */,
			);
		};
/* End PBXProject section */

/* Begin PBXResourcesBuildPhase section */
		7B4C834C24DAFDF50076ACE4 /* Resources */ = {
			isa = PBXResourcesBuildPhase;
			buildActionMask = 2147483647;
			files = (
				7B4C835E24DAFDF70076ACE4 /* LaunchScreen.storyboard in Resources */,
				7B4C835B24DAFDF70076ACE4 /* Preview Assets.xcassets in Resources */,
				7B4C835824DAFDF70076ACE4 /* Assets.xcassets in Resources */,
			);
			runOnlyForDeploymentPostprocessing = 0;
		};
		7B4C836224DAFDF70076ACE4 /* Resources */ = {
			isa = PBXResourcesBuildPhase;
			buildActionMask = 2147483647;
			files = (
			);
			runOnlyForDeploymentPostprocessing = 0;
		};
/* End PBXResourcesBuildPhase section */

/* Begin PBXShellScriptBuildPhase section */
		7B4C837824DAFE9A0076ACE4 /* ShellScript */ = {
			isa = PBXShellScriptBuildPhase;
			buildActionMask = 2147483647;
			files = (
			);
			inputFileListPaths = (
			);
			inputPaths = (
			);
			outputFileListPaths = (
			);
			outputPaths = (
			);
			runOnlyForDeploymentPostprocessing = 0;
			shellPath = /bin/sh;
			shellScript = "# Type a script or drag a script file from your workspace to insert its path.\ncd \"$SRCROOT/../app/build/xcode-frameworks\"\n./gradlew packForXCode -PXCODE_CONFIGURATION=${CONFIGURATION}\n";
		};
/* End PBXShellScriptBuildPhase section */

/* Begin PBXSourcesBuildPhase section */
		7B4C834A24DAFDF50076ACE4 /* Sources */ = {
			isa = PBXSourcesBuildPhase;
			buildActionMask = 2147483647;
			files = (
				7B4C835224DAFDF50076ACE4 /* AppDelegate.swift in Sources */,
				7B4C835424DAFDF50076ACE4 /* SceneDelegate.swift in Sources */,
				7B4C835624DAFDF50076ACE4 /* ContentView.swift in Sources */,
			);
			runOnlyForDeploymentPostprocessing = 0;
		};
		7B4C836024DAFDF70076ACE4 /* Sources */ = {
			isa = PBXSourcesBuildPhase;
			buildActionMask = 2147483647;
			files = (
				7B4C836924DAFDF70076ACE4 /* mobile_app_iosTests.swift in Sources */,
			);
			runOnlyForDeploymentPostprocessing = 0;
		};
/* End PBXSourcesBuildPhase section */

/* Begin PBXTargetDependency section */
		7B4C836624DAFDF70076ACE4 /* PBXTargetDependency */ = {
			isa = PBXTargetDependency;
			target = 7B4C834D24DAFDF50076ACE4 /* mobile-app-ios */;
			targetProxy = 7B4C836524DAFDF70076ACE4 /* PBXContainerItemProxy */;
		};
/* End PBXTargetDependency section */

/* Begin PBXVariantGroup section */
		7B4C835C24DAFDF70076ACE4 /* LaunchScreen.storyboard */ = {
			isa = PBXVariantGroup;
			children = (
				7B4C835D24DAFDF70076ACE4 /* Base */,
			);
			name = LaunchScreen.storyboard;
			sourceTree = "<group>";
		};
/* End PBXVariantGroup section */

/* Begin XCBuildConfiguration section */
		7B4C836B24DAFDF70076ACE4 /* Debug */ = {
			isa = XCBuildConfiguration;
			buildSettings = {
				ALWAYS_SEARCH_USER_PATHS = NO;
				CLANG_ANALYZER_NONNULL = YES;
				CLANG_ANALYZER_NUMBER_OBJECT_CONVERSION = YES_AGGRESSIVE;
				CLANG_CXX_LANGUAGE_STANDARD = "gnu++14";
				CLANG_CXX_LIBRARY = "libc++";
				CLANG_ENABLE_MODULES = YES;
				CLANG_ENABLE_OBJC_ARC = YES;
				CLANG_ENABLE_OBJC_WEAK = YES;
				CLANG_WARN_BLOCK_CAPTURE_AUTORELEASING = YES;
				CLANG_WARN_BOOL_CONVERSION = YES;
				CLANG_WARN_COMMA = YES;
				CLANG_WARN_CONSTANT_CONVERSION = YES;
				CLANG_WARN_DEPRECATED_OBJC_IMPLEMENTATIONS = YES;
				CLANG_WARN_DIRECT_OBJC_ISA_USAGE = YES_ERROR;
				CLANG_WARN_DOCUMENTATION_COMMENTS = YES;
				CLANG_WARN_EMPTY_BODY = YES;
				CLANG_WARN_ENUM_CONVERSION = YES;
				CLANG_WARN_INFINITE_RECURSION = YES;
				CLANG_WARN_INT_CONVERSION = YES;
				CLANG_WARN_NON_LITERAL_NULL_CONVERSION = YES;
				CLANG_WARN_OBJC_IMPLICIT_RETAIN_SELF = YES;
				CLANG_WARN_OBJC_LITERAL_CONVERSION = YES;
				CLANG_WARN_OBJC_ROOT_CLASS = YES_ERROR;
				CLANG_WARN_RANGE_LOOP_ANALYSIS = YES;
				CLANG_WARN_STRICT_PROTOTYPES = YES;
				CLANG_WARN_SUSPICIOUS_MOVE = YES;
				CLANG_WARN_UNGUARDED_AVAILABILITY = YES_AGGRESSIVE;
				CLANG_WARN_UNREACHABLE_CODE = YES;
				CLANG_WARN__DUPLICATE_METHOD_MATCH = YES;
				COPY_PHASE_STRIP = NO;
				DEBUG_INFORMATION_FORMAT = dwarf;
				ENABLE_STRICT_OBJC_MSGSEND = YES;
				ENABLE_TESTABILITY = YES;
				GCC_C_LANGUAGE_STANDARD = gnu11;
				GCC_DYNAMIC_NO_PIC = NO;
				GCC_NO_COMMON_BLOCKS = YES;
				GCC_OPTIMIZATION_LEVEL = 0;
				GCC_PREPROCESSOR_DEFINITIONS = (
					"DEBUG=1",
					"$(inherited)",
				);
				GCC_WARN_64_TO_32_BIT_CONVERSION = YES;
				GCC_WARN_ABOUT_RETURN_TYPE = YES_ERROR;
				GCC_WARN_UNDECLARED_SELECTOR = YES;
				GCC_WARN_UNINITIALIZED_AUTOS = YES_AGGRESSIVE;
				GCC_WARN_UNUSED_FUNCTION = YES;
				GCC_WARN_UNUSED_VARIABLE = YES;
				IPHONEOS_DEPLOYMENT_TARGET = 13.6;
				MTL_ENABLE_DEBUG_INFO = INCLUDE_SOURCE;
				MTL_FAST_MATH = YES;
				ONLY_ACTIVE_ARCH = YES;
				SDKROOT = iphoneos;
				SWIFT_ACTIVE_COMPILATION_CONDITIONS = DEBUG;
				SWIFT_OPTIMIZATION_LEVEL = "-Onone";
			};
			name = Debug;
		};
		7B4C836C24DAFDF70076ACE4 /* Release */ = {
			isa = XCBuildConfiguration;
			buildSettings = {
				ALWAYS_SEARCH_USER_PATHS = NO;
				CLANG_ANALYZER_NONNULL = YES;
				CLANG_ANALYZER_NUMBER_OBJECT_CONVERSION = YES_AGGRESSIVE;
				CLANG_CXX_LANGUAGE_STANDARD = "gnu++14";
				CLANG_CXX_LIBRARY = "libc++";
				CLANG_ENABLE_MODULES = YES;
				CLANG_ENABLE_OBJC_ARC = YES;
				CLANG_ENABLE_OBJC_WEAK = YES;
				CLANG_WARN_BLOCK_CAPTURE_AUTORELEASING = YES;
				CLANG_WARN_BOOL_CONVERSION = YES;
				CLANG_WARN_COMMA = YES;
				CLANG_WARN_CONSTANT_CONVERSION = YES;
				CLANG_WARN_DEPRECATED_OBJC_IMPLEMENTATIONS = YES;
				CLANG_WARN_DIRECT_OBJC_ISA_USAGE = YES_ERROR;
				CLANG_WARN_DOCUMENTATION_COMMENTS = YES;
				CLANG_WARN_EMPTY_BODY = YES;
				CLANG_WARN_ENUM_CONVERSION = YES;
				CLANG_WARN_INFINITE_RECURSION = YES;
				CLANG_WARN_INT_CONVERSION = YES;
				CLANG_WARN_NON_LITERAL_NULL_CONVERSION = YES;
				CLANG_WARN_OBJC_IMPLICIT_RETAIN_SELF = YES;
				CLANG_WARN_OBJC_LITERAL_CONVERSION = YES;
				CLANG_WARN_OBJC_ROOT_CLASS = YES_ERROR;
				CLANG_WARN_RANGE_LOOP_ANALYSIS = YES;
				CLANG_WARN_STRICT_PROTOTYPES = YES;
				CLANG_WARN_SUSPICIOUS_MOVE = YES;
				CLANG_WARN_UNGUARDED_AVAILABILITY = YES_AGGRESSIVE;
				CLANG_WARN_UNREACHABLE_CODE = YES;
				CLANG_WARN__DUPLICATE_METHOD_MATCH = YES;
				COPY_PHASE_STRIP = NO;
				DEBUG_INFORMATION_FORMAT = "dwarf-with-dsym";
				ENABLE_NS_ASSERTIONS = NO;
				ENABLE_STRICT_OBJC_MSGSEND = YES;
				GCC_C_LANGUAGE_STANDARD = gnu11;
				GCC_NO_COMMON_BLOCKS = YES;
				GCC_WARN_64_TO_32_BIT_CONVERSION = YES;
				GCC_WARN_ABOUT_RETURN_TYPE = YES_ERROR;
				GCC_WARN_UNDECLARED_SELECTOR = YES;
				GCC_WARN_UNINITIALIZED_AUTOS = YES_AGGRESSIVE;
				GCC_WARN_UNUSED_FUNCTION = YES;
				GCC_WARN_UNUSED_VARIABLE = YES;
				IPHONEOS_DEPLOYMENT_TARGET = 13.6;
				MTL_ENABLE_DEBUG_INFO = NO;
				MTL_FAST_MATH = YES;
				SDKROOT = iphoneos;
				SWIFT_COMPILATION_MODE = wholemodule;
				SWIFT_OPTIMIZATION_LEVEL = "-O";
				VALIDATE_PRODUCT = YES;
			};
			name = Release;
		};
		7B4C836E24DAFDF70076ACE4 /* Debug */ = {
			isa = XCBuildConfiguration;
			buildSettings = {
				ASSETCATALOG_COMPILER_APPICON_NAME = AppIcon;
				CODE_SIGN_STYLE = Automatic;
				DEVELOPMENT_ASSET_PATHS = "\"mobile-app-ios/Preview Content\"";
				DEVELOPMENT_TEAM = 97JCY7859U;
				ENABLE_PREVIEWS = YES;
				FRAMEWORK_SEARCH_PATHS = "$(SRCROOT)/../app/build/xcode-frameworks";
				INFOPLIST_FILE = "mobile-app-ios/Info.plist";
				LD_RUNPATH_SEARCH_PATHS = (
					"$(inherited)",
					"@executable_path/Frameworks",
				);
				PRODUCT_BUNDLE_IDENTIFIER = "io.sentry.kmp.mobile-app-ios";
				PRODUCT_NAME = "$(TARGET_NAME)";
				SWIFT_VERSION = 5.0;
				TARGETED_DEVICE_FAMILY = "1,2";
			};
			name = Debug;
		};
		7B4C836F24DAFDF70076ACE4 /* Release */ = {
			isa = XCBuildConfiguration;
			buildSettings = {
				ASSETCATALOG_COMPILER_APPICON_NAME = AppIcon;
				CODE_SIGN_STYLE = Automatic;
				DEVELOPMENT_ASSET_PATHS = "\"mobile-app-ios/Preview Content\"";
				DEVELOPMENT_TEAM = 97JCY7859U;
				ENABLE_PREVIEWS = YES;
				FRAMEWORK_SEARCH_PATHS = "$(SRCROOT)/../app/build/xcode-frameworks";
				INFOPLIST_FILE = "mobile-app-ios/Info.plist";
				LD_RUNPATH_SEARCH_PATHS = (
					"$(inherited)",
					"@executable_path/Frameworks",
				);
				PRODUCT_BUNDLE_IDENTIFIER = "io.sentry.kmp.mobile-app-ios";
				PRODUCT_NAME = "$(TARGET_NAME)";
				SWIFT_VERSION = 5.0;
				TARGETED_DEVICE_FAMILY = "1,2";
			};
			name = Release;
		};
		7B4C837124DAFDF70076ACE4 /* Debug */ = {
			isa = XCBuildConfiguration;
			buildSettings = {
				ALWAYS_EMBED_SWIFT_STANDARD_LIBRARIES = YES;
				BUNDLE_LOADER = "$(TEST_HOST)";
				CODE_SIGN_STYLE = Automatic;
				DEVELOPMENT_TEAM = 97JCY7859U;
				INFOPLIST_FILE = "mobile-app-iosTests/Info.plist";
				IPHONEOS_DEPLOYMENT_TARGET = 13.6;
				LD_RUNPATH_SEARCH_PATHS = (
					"$(inherited)",
					"@executable_path/Frameworks",
					"@loader_path/Frameworks",
				);
				PRODUCT_BUNDLE_IDENTIFIER = "io.sentry.kmp.mobile-app-iosTests";
				PRODUCT_NAME = "$(TARGET_NAME)";
				SWIFT_VERSION = 5.0;
				TARGETED_DEVICE_FAMILY = "1,2";
				TEST_HOST = "$(BUILT_PRODUCTS_DIR)/mobile-app-ios.app/mobile-app-ios";
			};
			name = Debug;
		};
		7B4C837224DAFDF70076ACE4 /* Release */ = {
			isa = XCBuildConfiguration;
			buildSettings = {
				ALWAYS_EMBED_SWIFT_STANDARD_LIBRARIES = YES;
				BUNDLE_LOADER = "$(TEST_HOST)";
				CODE_SIGN_STYLE = Automatic;
				DEVELOPMENT_TEAM = 97JCY7859U;
				INFOPLIST_FILE = "mobile-app-iosTests/Info.plist";
				IPHONEOS_DEPLOYMENT_TARGET = 13.6;
				LD_RUNPATH_SEARCH_PATHS = (
					"$(inherited)",
					"@executable_path/Frameworks",
					"@loader_path/Frameworks",
				);
				PRODUCT_BUNDLE_IDENTIFIER = "io.sentry.kmp.mobile-app-iosTests";
				PRODUCT_NAME = "$(TARGET_NAME)";
				SWIFT_VERSION = 5.0;
				TARGETED_DEVICE_FAMILY = "1,2";
				TEST_HOST = "$(BUILT_PRODUCTS_DIR)/mobile-app-ios.app/mobile-app-ios";
			};
			name = Release;
		};
/* End XCBuildConfiguration section */

/* Begin XCConfigurationList section */
		7B4C834924DAFDF40076ACE4 /* Build configuration list for PBXProject "mobile-app-ios" */ = {
			isa = XCConfigurationList;
			buildConfigurations = (
				7B4C836B24DAFDF70076ACE4 /* Debug */,
				7B4C836C24DAFDF70076ACE4 /* Release */,
			);
			defaultConfigurationIsVisible = 0;
			defaultConfigurationName = Release;
		};
		7B4C836D24DAFDF70076ACE4 /* Build configuration list for PBXNativeTarget "mobile-app-ios" */ = {
			isa = XCConfigurationList;
			buildConfigurations = (
				7B4C836E24DAFDF70076ACE4 /* Debug */,
				7B4C836F24DAFDF70076ACE4 /* Release */,
			);
			defaultConfigurationIsVisible = 0;
			defaultConfigurationName = Release;
		};
		7B4C837024DAFDF70076ACE4 /* Build configuration list for PBXNativeTarget "mobile-app-iosTests" */ = {
			isa = XCConfigurationList;
			buildConfigurations = (
				7B4C837124DAFDF70076ACE4 /* Debug */,
				7B4C837224DAFDF70076ACE4 /* Release */,
			);
			defaultConfigurationIsVisible = 0;
			defaultConfigurationName = Release;
		};
/* End XCConfigurationList section */
	};
	rootObject = 7B4C834624DAFDF40076ACE4 /* Project object */;
}
