// !$*UTF8*$!
{
	archiveVersion = 1;
	classes = {
	};
	objectVersion = 50;
	objects = {

/* Begin PBXBuildFile section */
		7B4C839024DC13C40076ACE4 /* AppDelegate.swift in Sources */ = {isa = PBXBuildFile; fileRef = 7B4C838F24DC13C40076ACE4 /* AppDelegate.swift */; };
		7B4C839224DC13C40076ACE4 /* SceneDelegate.swift in Sources */ = {isa = PBXBuildFile; fileRef = 7B4C839124DC13C40076ACE4 /* SceneDelegate.swift */; };
		7B4C839424DC13C40076ACE4 /* ContentView.swift in Sources */ = {isa = PBXBuildFile; fileRef = 7B4C839324DC13C40076ACE4 /* ContentView.swift */; };
		7B4C839624DC13C60076ACE4 /* Assets.xcassets in Resources */ = {isa = PBXBuildFile; fileRef = 7B4C839524DC13C60076ACE4 /* Assets.xcassets */; };
		7B4C839924DC13C60076ACE4 /* Preview Assets.xcassets in Resources */ = {isa = PBXBuildFile; fileRef = 7B4C839824DC13C60076ACE4 /* Preview Assets.xcassets */; };
		7B4C839C24DC13C60076ACE4 /* LaunchScreen.storyboard in Resources */ = {isa = PBXBuildFile; fileRef = 7B4C839A24DC13C60076ACE4 /* LaunchScreen.storyboard */; };
		9333A6AA0BD2B8357C589DC2 /* Pods_ios.framework in Frameworks */ = {isa = PBXBuildFile; fileRef = 04005E2254A8EBAB59126701 /* Pods_ios.framework */; };
/* End PBXBuildFile section */

/* Begin PBXFileReference section */
		04005E2254A8EBAB59126701 /* Pods_ios.framework */ = {isa = PBXFileReference; explicitFileType = wrapper.framework; includeInIndex = 0; path = Pods_ios.framework; sourceTree = BUILT_PRODUCTS_DIR; };
		6E4CCAE9CD1DC493C5B101E5 /* Pods-ios.debug.xcconfig */ = {isa = PBXFileReference; includeInIndex = 1; lastKnownFileType = text.xcconfig; name = "Pods-ios.debug.xcconfig"; path = "Target Support Files/Pods-ios/Pods-ios.debug.xcconfig"; sourceTree = "<group>"; };
		7B4C838C24DC13C40076ACE4 /* ios.app */ = {isa = PBXFileReference; explicitFileType = wrapper.application; includeInIndex = 0; path = ios.app; sourceTree = BUILT_PRODUCTS_DIR; };
		7B4C838F24DC13C40076ACE4 /* AppDelegate.swift */ = {isa = PBXFileReference; lastKnownFileType = sourcecode.swift; path = AppDelegate.swift; sourceTree = "<group>"; };
		7B4C839124DC13C40076ACE4 /* SceneDelegate.swift */ = {isa = PBXFileReference; lastKnownFileType = sourcecode.swift; path = SceneDelegate.swift; sourceTree = "<group>"; };
		7B4C839324DC13C40076ACE4 /* ContentView.swift */ = {isa = PBXFileReference; lastKnownFileType = sourcecode.swift; path = ContentView.swift; sourceTree = "<group>"; };
		7B4C839524DC13C60076ACE4 /* Assets.xcassets */ = {isa = PBXFileReference; lastKnownFileType = folder.assetcatalog; path = Assets.xcassets; sourceTree = "<group>"; };
		7B4C839824DC13C60076ACE4 /* Preview Assets.xcassets */ = {isa = PBXFileReference; lastKnownFileType = folder.assetcatalog; path = "Preview Assets.xcassets"; sourceTree = "<group>"; };
		7B4C839B24DC13C60076ACE4 /* Base */ = {isa = PBXFileReference; lastKnownFileType = file.storyboard; name = Base; path = Base.lproj/LaunchScreen.storyboard; sourceTree = "<group>"; };
		7B4C839D24DC13C60076ACE4 /* Info.plist */ = {isa = PBXFileReference; lastKnownFileType = text.plist.xml; path = Info.plist; sourceTree = "<group>"; };
		7BF5A1CFC49BD554B2A10149 /* Pods-ios.release.xcconfig */ = {isa = PBXFileReference; includeInIndex = 1; lastKnownFileType = text.xcconfig; name = "Pods-ios.release.xcconfig"; path = "Target Support Files/Pods-ios/Pods-ios.release.xcconfig"; sourceTree = "<group>"; };
/* End PBXFileReference section */

/* Begin PBXFrameworksBuildPhase section */
		7B4C838924DC13C40076ACE4 /* Frameworks */ = {
			isa = PBXFrameworksBuildPhase;
			buildActionMask = 2147483647;
			files = (
				9333A6AA0BD2B8357C589DC2 /* Pods_ios.framework in Frameworks */,
			);
			runOnlyForDeploymentPostprocessing = 0;
		};
/* End PBXFrameworksBuildPhase section */

/* Begin PBXGroup section */
		62E73C1458CA438751D7A01D /* Frameworks */ = {
			isa = PBXGroup;
			children = (
				04005E2254A8EBAB59126701 /* Pods_ios.framework */,
			);
			name = Frameworks;
			sourceTree = "<group>";
		};
		7B4C838324DC13C40076ACE4 = {
			isa = PBXGroup;
			children = (
				7B4C838E24DC13C40076ACE4 /* ios */,
				7B4C838D24DC13C40076ACE4 /* Products */,
				B76093947C4C8A50A303C8AE /* Pods */,
				62E73C1458CA438751D7A01D /* Frameworks */,
			);
			sourceTree = "<group>";
		};
		7B4C838D24DC13C40076ACE4 /* Products */ = {
			isa = PBXGroup;
			children = (
				7B4C838C24DC13C40076ACE4 /* ios.app */,
			);
			name = Products;
			sourceTree = "<group>";
		};
		7B4C838E24DC13C40076ACE4 /* ios */ = {
			isa = PBXGroup;
			children = (
				7B4C838F24DC13C40076ACE4 /* AppDelegate.swift */,
				7B4C839124DC13C40076ACE4 /* SceneDelegate.swift */,
				7B4C839324DC13C40076ACE4 /* ContentView.swift */,
				7B4C839524DC13C60076ACE4 /* Assets.xcassets */,
				7B4C839A24DC13C60076ACE4 /* LaunchScreen.storyboard */,
				7B4C839D24DC13C60076ACE4 /* Info.plist */,
				7B4C839724DC13C60076ACE4 /* Preview Content */,
			);
			path = ios;
			sourceTree = "<group>";
		};
		7B4C839724DC13C60076ACE4 /* Preview Content */ = {
			isa = PBXGroup;
			children = (
				7B4C839824DC13C60076ACE4 /* Preview Assets.xcassets */,
			);
			path = "Preview Content";
			sourceTree = "<group>";
		};
		B76093947C4C8A50A303C8AE /* Pods */ = {
			isa = PBXGroup;
			children = (
				6E4CCAE9CD1DC493C5B101E5 /* Pods-ios.debug.xcconfig */,
				7BF5A1CFC49BD554B2A10149 /* Pods-ios.release.xcconfig */,
			);
			name = Pods;
			path = Pods;
			sourceTree = "<group>";
		};
/* End PBXGroup section */

/* Begin PBXNativeTarget section */
		7B4C838B24DC13C40076ACE4 /* ios */ = {
			isa = PBXNativeTarget;
			buildConfigurationList = 7B4C83A024DC13C60076ACE4 /* Build configuration list for PBXNativeTarget "ios" */;
			buildPhases = (
				66CB15A5A53AFB05F3EBC97F /* [CP] Check Pods Manifest.lock */,
				7B4C838824DC13C40076ACE4 /* Sources */,
				7B4C838924DC13C40076ACE4 /* Frameworks */,
				7B4C838A24DC13C40076ACE4 /* Resources */,
				3ABEF50102109909EEE915E9 /* [CP] Embed Pods Frameworks */,
			);
			buildRules = (
			);
			dependencies = (
			);
			name = ios;
			productName = ios;
			productReference = 7B4C838C24DC13C40076ACE4 /* ios.app */;
			productType = "com.apple.product-type.application";
		};
/* End PBXNativeTarget section */

/* Begin PBXProject section */
		7B4C838424DC13C40076ACE4 /* Project object */ = {
			isa = PBXProject;
			attributes = {
				LastSwiftUpdateCheck = 1160;
				LastUpgradeCheck = 1160;
				ORGANIZATIONNAME = "GetSentry LLC";
				TargetAttributes = {
					7B4C838B24DC13C40076ACE4 = {
						CreatedOnToolsVersion = 11.6;
					};
				};
			};
			buildConfigurationList = 7B4C838724DC13C40076ACE4 /* Build configuration list for PBXProject "ios" */;
			compatibilityVersion = "Xcode 9.3";
			developmentRegion = en;
			hasScannedForEncodings = 0;
			knownRegions = (
				en,
				Base,
			);
			mainGroup = 7B4C838324DC13C40076ACE4;
			productRefGroup = 7B4C838D24DC13C40076ACE4 /* Products */;
			projectDirPath = "";
			projectRoot = "";
			targets = (
				7B4C838B24DC13C40076ACE4 /* ios */,
			);
		};
/* End PBXProject section */

/* Begin PBXResourcesBuildPhase section */
		7B4C838A24DC13C40076ACE4 /* Resources */ = {
			isa = PBXResourcesBuildPhase;
			buildActionMask = 2147483647;
			files = (
				7B4C839C24DC13C60076ACE4 /* LaunchScreen.storyboard in Resources */,
				7B4C839924DC13C60076ACE4 /* Preview Assets.xcassets in Resources */,
				7B4C839624DC13C60076ACE4 /* Assets.xcassets in Resources */,
			);
			runOnlyForDeploymentPostprocessing = 0;
		};
/* End PBXResourcesBuildPhase section */

/* Begin PBXShellScriptBuildPhase section */
		3ABEF50102109909EEE915E9 /* [CP] Embed Pods Frameworks */ = {
			isa = PBXShellScriptBuildPhase;
			buildActionMask = 2147483647;
			files = (
			);
			inputFileListPaths = (
				"${PODS_ROOT}/Target Support Files/Pods-ios/Pods-ios-frameworks-${CONFIGURATION}-input-files.xcfilelist",
			);
			name = "[CP] Embed Pods Frameworks";
			outputFileListPaths = (
				"${PODS_ROOT}/Target Support Files/Pods-ios/Pods-ios-frameworks-${CONFIGURATION}-output-files.xcfilelist",
			);
			runOnlyForDeploymentPostprocessing = 0;
			shellPath = /bin/sh;
			shellScript = "\"${PODS_ROOT}/Target Support Files/Pods-ios/Pods-ios-frameworks.sh\"\n";
			showEnvVarsInLog = 0;
		};
		66CB15A5A53AFB05F3EBC97F /* [CP] Check Pods Manifest.lock */ = {
			isa = PBXShellScriptBuildPhase;
			buildActionMask = 2147483647;
			files = (
			);
			inputFileListPaths = (
			);
			inputPaths = (
				"${PODS_PODFILE_DIR_PATH}/Podfile.lock",
				"${PODS_ROOT}/Manifest.lock",
			);
			name = "[CP] Check Pods Manifest.lock";
			outputFileListPaths = (
			);
			outputPaths = (
				"$(DERIVED_FILE_DIR)/Pods-ios-checkManifestLockResult.txt",
			);
			runOnlyForDeploymentPostprocessing = 0;
			shellPath = /bin/sh;
			shellScript = "diff \"${PODS_PODFILE_DIR_PATH}/Podfile.lock\" \"${PODS_ROOT}/Manifest.lock\" > /dev/null\nif [ $? != 0 ] ; then\n    # print error to STDERR\n    echo \"error: The sandbox is not in sync with the Podfile.lock. Run 'pod install' or update your CocoaPods installation.\" >&2\n    exit 1\nfi\n# This output is used by Xcode 'outputs' to avoid re-running this script phase.\necho \"SUCCESS\" > \"${SCRIPT_OUTPUT_FILE_0}\"\n";
			showEnvVarsInLog = 0;
		};
/* End PBXShellScriptBuildPhase section */

/* Begin PBXSourcesBuildPhase section */
		7B4C838824DC13C40076ACE4 /* Sources */ = {
			isa = PBXSourcesBuildPhase;
			buildActionMask = 2147483647;
			files = (
				7B4C839024DC13C40076ACE4 /* AppDelegate.swift in Sources */,
				7B4C839224DC13C40076ACE4 /* SceneDelegate.swift in Sources */,
				7B4C839424DC13C40076ACE4 /* ContentView.swift in Sources */,
			);
			runOnlyForDeploymentPostprocessing = 0;
		};
/* End PBXSourcesBuildPhase section */

/* Begin PBXVariantGroup section */
		7B4C839A24DC13C60076ACE4 /* LaunchScreen.storyboard */ = {
			isa = PBXVariantGroup;
			children = (
				7B4C839B24DC13C60076ACE4 /* Base */,
			);
			name = LaunchScreen.storyboard;
			sourceTree = "<group>";
		};
/* End PBXVariantGroup section */

/* Begin XCBuildConfiguration section */
		7B4C839E24DC13C60076ACE4 /* Debug */ = {
			isa = XCBuildConfiguration;
			buildSettings = {
				ALWAYS_SEARCH_USER_PATHS = NO;
				CLANG_ANALYZER_NONNULL = YES;
				CLANG_ANALYZER_NUMBER_OBJECT_CONVERSION = YES_AGGRESSIVE;
				CLANG_CXX_LANGUAGE_STANDARD = "gnu++14";
				CLANG_CXX_LIBRARY = "libc++";
				CLANG_ENABLE_MODULES = YES;
				CLANG_ENABLE_OBJC_ARC = YES;
				CLANG_ENABLE_OBJC_WEAK = YES;
				CLANG_WARN_BLOCK_CAPTURE_AUTORELEASING = YES;
				CLANG_WARN_BOOL_CONVERSION = YES;
				CLANG_WARN_COMMA = YES;
				CLANG_WARN_CONSTANT_CONVERSION = YES;
				CLANG_WARN_DEPRECATED_OBJC_IMPLEMENTATIONS = YES;
				CLANG_WARN_DIRECT_OBJC_ISA_USAGE = YES_ERROR;
				CLANG_WARN_DOCUMENTATION_COMMENTS = YES;
				CLANG_WARN_EMPTY_BODY = YES;
				CLANG_WARN_ENUM_CONVERSION = YES;
				CLANG_WARN_INFINITE_RECURSION = YES;
				CLANG_WARN_INT_CONVERSION = YES;
				CLANG_WARN_NON_LITERAL_NULL_CONVERSION = YES;
				CLANG_WARN_OBJC_IMPLICIT_RETAIN_SELF = YES;
				CLANG_WARN_OBJC_LITERAL_CONVERSION = YES;
				CLANG_WARN_OBJC_ROOT_CLASS = YES_ERROR;
				CLANG_WARN_RANGE_LOOP_ANALYSIS = YES;
				CLANG_WARN_STRICT_PROTOTYPES = YES;
				CLANG_WARN_SUSPICIOUS_MOVE = YES;
				CLANG_WARN_UNGUARDED_AVAILABILITY = YES_AGGRESSIVE;
				CLANG_WARN_UNREACHABLE_CODE = YES;
				CLANG_WARN__DUPLICATE_METHOD_MATCH = YES;
				COPY_PHASE_STRIP = NO;
				DEBUG_INFORMATION_FORMAT = dwarf;
				ENABLE_STRICT_OBJC_MSGSEND = YES;
				ENABLE_TESTABILITY = YES;
				GCC_C_LANGUAGE_STANDARD = gnu11;
				GCC_DYNAMIC_NO_PIC = NO;
				GCC_NO_COMMON_BLOCKS = YES;
				GCC_OPTIMIZATION_LEVEL = 0;
				GCC_PREPROCESSOR_DEFINITIONS = (
					"DEBUG=1",
					"$(inherited)",
				);
				GCC_WARN_64_TO_32_BIT_CONVERSION = YES;
				GCC_WARN_ABOUT_RETURN_TYPE = YES_ERROR;
				GCC_WARN_UNDECLARED_SELECTOR = YES;
				GCC_WARN_UNINITIALIZED_AUTOS = YES_AGGRESSIVE;
				GCC_WARN_UNUSED_FUNCTION = YES;
				GCC_WARN_UNUSED_VARIABLE = YES;
				IPHONEOS_DEPLOYMENT_TARGET = 13.6;
				MTL_ENABLE_DEBUG_INFO = INCLUDE_SOURCE;
				MTL_FAST_MATH = YES;
				ONLY_ACTIVE_ARCH = YES;
				SDKROOT = iphoneos;
				SWIFT_ACTIVE_COMPILATION_CONDITIONS = DEBUG;
				SWIFT_OPTIMIZATION_LEVEL = "-Onone";
			};
			name = Debug;
		};
		7B4C839F24DC13C60076ACE4 /* Release */ = {
			isa = XCBuildConfiguration;
			buildSettings = {
				ALWAYS_SEARCH_USER_PATHS = NO;
				CLANG_ANALYZER_NONNULL = YES;
				CLANG_ANALYZER_NUMBER_OBJECT_CONVERSION = YES_AGGRESSIVE;
				CLANG_CXX_LANGUAGE_STANDARD = "gnu++14";
				CLANG_CXX_LIBRARY = "libc++";
				CLANG_ENABLE_MODULES = YES;
				CLANG_ENABLE_OBJC_ARC = YES;
				CLANG_ENABLE_OBJC_WEAK = YES;
				CLANG_WARN_BLOCK_CAPTURE_AUTORELEASING = YES;
				CLANG_WARN_BOOL_CONVERSION = YES;
				CLANG_WARN_COMMA = YES;
				CLANG_WARN_CONSTANT_CONVERSION = YES;
				CLANG_WARN_DEPRECATED_OBJC_IMPLEMENTATIONS = YES;
				CLANG_WARN_DIRECT_OBJC_ISA_USAGE = YES_ERROR;
				CLANG_WARN_DOCUMENTATION_COMMENTS = YES;
				CLANG_WARN_EMPTY_BODY = YES;
				CLANG_WARN_ENUM_CONVERSION = YES;
				CLANG_WARN_INFINITE_RECURSION = YES;
				CLANG_WARN_INT_CONVERSION = YES;
				CLANG_WARN_NON_LITERAL_NULL_CONVERSION = YES;
				CLANG_WARN_OBJC_IMPLICIT_RETAIN_SELF = YES;
				CLANG_WARN_OBJC_LITERAL_CONVERSION = YES;
				CLANG_WARN_OBJC_ROOT_CLASS = YES_ERROR;
				CLANG_WARN_RANGE_LOOP_ANALYSIS = YES;
				CLANG_WARN_STRICT_PROTOTYPES = YES;
				CLANG_WARN_SUSPICIOUS_MOVE = YES;
				CLANG_WARN_UNGUARDED_AVAILABILITY = YES_AGGRESSIVE;
				CLANG_WARN_UNREACHABLE_CODE = YES;
				CLANG_WARN__DUPLICATE_METHOD_MATCH = YES;
				COPY_PHASE_STRIP = NO;
				DEBUG_INFORMATION_FORMAT = "dwarf-with-dsym";
				ENABLE_NS_ASSERTIONS = NO;
				ENABLE_STRICT_OBJC_MSGSEND = YES;
				GCC_C_LANGUAGE_STANDARD = gnu11;
				GCC_NO_COMMON_BLOCKS = YES;
				GCC_WARN_64_TO_32_BIT_CONVERSION = YES;
				GCC_WARN_ABOUT_RETURN_TYPE = YES_ERROR;
				GCC_WARN_UNDECLARED_SELECTOR = YES;
				GCC_WARN_UNINITIALIZED_AUTOS = YES_AGGRESSIVE;
				GCC_WARN_UNUSED_FUNCTION = YES;
				GCC_WARN_UNUSED_VARIABLE = YES;
				IPHONEOS_DEPLOYMENT_TARGET = 13.6;
				MTL_ENABLE_DEBUG_INFO = NO;
				MTL_FAST_MATH = YES;
				SDKROOT = iphoneos;
				SWIFT_COMPILATION_MODE = wholemodule;
				SWIFT_OPTIMIZATION_LEVEL = "-O";
				VALIDATE_PRODUCT = YES;
			};
			name = Release;
		};
		7B4C83A124DC13C60076ACE4 /* Debug */ = {
			isa = XCBuildConfiguration;
			baseConfigurationReference = 6E4CCAE9CD1DC493C5B101E5 /* Pods-ios.debug.xcconfig */;
			buildSettings = {
				ASSETCATALOG_COMPILER_APPICON_NAME = AppIcon;
				CODE_SIGN_STYLE = Automatic;
				DEVELOPMENT_ASSET_PATHS = "\"ios/Preview Content\"";
				DEVELOPMENT_TEAM = 97JCY7859U;
				ENABLE_PREVIEWS = YES;
				INFOPLIST_FILE = ios/Info.plist;
				LD_RUNPATH_SEARCH_PATHS = (
					"$(inherited)",
					"@executable_path/Frameworks",
				);
				PRODUCT_BUNDLE_IDENTIFIER = io.sentry.kotlin.multiplatform.sample.ios;
				PRODUCT_NAME = "$(TARGET_NAME)";
				SWIFT_VERSION = 5.0;
				TARGETED_DEVICE_FAMILY = "1,2";
			};
			name = Debug;
		};
		7B4C83A224DC13C60076ACE4 /* Release */ = {
			isa = XCBuildConfiguration;
			baseConfigurationReference = 7BF5A1CFC49BD554B2A10149 /* Pods-ios.release.xcconfig */;
			buildSettings = {
				ASSETCATALOG_COMPILER_APPICON_NAME = AppIcon;
				CODE_SIGN_STYLE = Automatic;
				DEVELOPMENT_ASSET_PATHS = "\"ios/Preview Content\"";
				DEVELOPMENT_TEAM = 97JCY7859U;
				ENABLE_PREVIEWS = YES;
				INFOPLIST_FILE = ios/Info.plist;
				LD_RUNPATH_SEARCH_PATHS = (
					"$(inherited)",
					"@executable_path/Frameworks",
				);
				PRODUCT_BUNDLE_IDENTIFIER = io.sentry.kotlin.multiplatform.sample.ios;
				PRODUCT_NAME = "$(TARGET_NAME)";
				SWIFT_VERSION = 5.0;
				TARGETED_DEVICE_FAMILY = "1,2";
			};
			name = Release;
		};
/* End XCBuildConfiguration section */

/* Begin XCConfigurationList section */
		7B4C838724DC13C40076ACE4 /* Build configuration list for PBXProject "ios" */ = {
			isa = XCConfigurationList;
			buildConfigurations = (
				7B4C839E24DC13C60076ACE4 /* Debug */,
				7B4C839F24DC13C60076ACE4 /* Release */,
			);
			defaultConfigurationIsVisible = 0;
			defaultConfigurationName = Release;
		};
		7B4C83A024DC13C60076ACE4 /* Build configuration list for PBXNativeTarget "ios" */ = {
			isa = XCConfigurationList;
			buildConfigurations = (
				7B4C83A124DC13C60076ACE4 /* Debug */,
				7B4C83A224DC13C60076ACE4 /* Release */,
			);
			defaultConfigurationIsVisible = 0;
			defaultConfigurationName = Release;
		};
/* End XCConfigurationList section */
	};
	rootObject = 7B4C838424DC13C40076ACE4 /* Project object */;
}
