PODS:
  - Sentry (7.21.0):
    - Sentry/Core (= 7.21.0)
  - Sentry/Core (7.21.0)
  - shared (1.0):
    - Sentry (~> 7.21.0)

DEPENDENCIES:
  - shared (from `../shared`)

SPEC REPOS:
  trunk:
    - Sentry

EXTERNAL SOURCES:
  shared:
    :path: "../shared"

SPEC CHECKSUMS:
  Sentry: 194d0a2d4d6ef92c9c08c98d998340b0a63efd81
  shared: 5f56305f5173a9f257ee5222895d778e649f8727

PODFILE CHECKSUM: f282da88f39e69507b0a255187c8a6b644477756

COCOAPODS: 1.11.3
