PODS:
  - Sentry (8.4.0):
    - Sentry/Core (= 8.4.0)
    - SentryPrivate (= 8.4.0)
  - Sentry/Core (8.4.0):
    - SentryPrivate (= 8.4.0)
  - SentryPrivate (8.4.0)
  - shared (1.0):
    - Sentry (~> 8.4.0)

DEPENDENCIES:
  - shared (from `../shared`)

SPEC REPOS:
  trunk:
    - Sentry
    - SentryPrivate

EXTERNAL SOURCES:
  shared:
    :path: "../shared"

SPEC CHECKSUMS:
  Sentry: 16d46dd5ca10e7f4469a2611805a3de123188add
  SentryPrivate: 2bb4f8d9ff558b25ac70b66c1dedc58a7c43630b
  shared: 0dca2e824df822c0e0186869c320e4ba675f23ed

PODFILE CHECKSUM: f282da88f39e69507b0a255187c8a6b644477756

COCOAPODS: 1.12.0
