{
  "originHash" : "7b5e54f81ac1ebaa640945691cb38c371b637198701f04fba811702fc8e7067e",
  "pins" : [
    {
      "identity" : "sentry-cocoa",
      "kind" : "remoteSourceControl",
      "location" : "https://github.com/getsentry/sentry-cocoa.git",
      "state" : {
        "revision" : "e6f9da251a4696eec602dd8da8fc689af0a4d8f7",
        "version" : "8.27.0"
      }
    }
  ],
  "version" : 3
}
