{
  "pins" : [
    {
      "identity" : "sentry-cocoa",
      "kind" : "remoteSourceControl",
      "location" : "https://github.com/getsentry/sentry-cocoa.git",
      "state" : {
        "revision" : "c60f232c96264c3bea75bc0b81e6126b2f7475ee",
        "version" : "8.15.2"
      }
    }
  ],
  "version" : 2
}
