{
  "originHash" : "7b5e54f81ac1ebaa640945691cb38c371b637198701f04fba811702fc8e7067e",
  "pins" : [
    {
      "identity" : "sentry-cocoa",
      "kind" : "remoteSourceControl",
      "location" : "https://github.com/getsentry/sentry-cocoa.git",
      "state" : {
        "revision" : "cf44aa8cb4147f39e698c1f28be0b6b2c89f79d2",
        "version" : "8.58.2"
      }
    }
  ],
  "version" : 3
}
