{
  "pins" : [
    {
      "identity" : "sentry-cocoa",
      "kind" : "remoteSourceControl",
      "location" : "https://github.com/getsentry/sentry-cocoa.git",
      "state" : {
        "revision" : "92a6472efc750a4e18bdee21c204942ab0bc4dcd",
        "version" : "8.4.0"
      }
    }
  ],
  "version" : 2
}
