PODS:
  - Sentry (5.2.0):
    - Sentry/Core (= 5.2.0)
  - Sentry/Core (5.2.0)
  - sentry_kotlin_multiplatform (0.0.1):
    - Sentry (~> 5.2.0)

DEPENDENCIES:
  - sentry_kotlin_multiplatform (from `../../`)

SPEC REPOS:
  trunk:
    - Sentry

EXTERNAL SOURCES:
  sentry_kotlin_multiplatform:
    :path: "../../"

SPEC CHECKSUMS:
  Sentry: 6e04bc3e11bf771ca79140a112de64dcfbc7d8cb
  sentry_kotlin_multiplatform: 3c18c9acf49b71c6ea3e82f80bf3b6710057ccfd

PODFILE CHECKSUM: 05c241c96b5a4d4a14fcd995156c9d1dc923b8cd

COCOAPODS: 1.9.3
