PODS:
  - app (0.0.1)
  - Sentry (5.2.0):
    - Sentry/Core (= 5.2.0)
  - Sentry/Core (5.2.0)

DEPENDENCIES:
  - app (from `../app`)
  - Sentry (~> 5.2.0)

SPEC REPOS:
  trunk:
    - Sentry

EXTERNAL SOURCES:
  app:
    :path: "../app"

SPEC CHECKSUMS:
  app: b7e2849430a6fd20cdd4b95d82880133ddfe6223
  Sentry: 6e04bc3e11bf771ca79140a112de64dcfbc7d8cb

PODFILE CHECKSUM: c9c67a29405a4744000df355fb7bf14bf231c686

COCOAPODS: 1.9.3
