{
  "originHash" : "5b73e91d09077896b05f4ebec21a1e553fdab18775538aa99d1fc0ba740fdf3b",
  "pins" : [
    {
      "identity" : "sentry-cocoa",
      "kind" : "remoteSourceControl",
      "location" : "https://github.com/getsentry/sentry-cocoa.git",
      "state" : {
        "revision" : "8689e780a295dfdc6501ac0dbb502461e16d6551",
        "version" : "9.29.2"
      }
    }
  ],
  "version" : 3
}
