 {
   "pins" : [
    {
      "identity" : "sentry-cocoa",
      "kind" : "remoteSourceControl",
      "location" : "https://github.com/getsentry/sentry-cocoa.git",
      "state" : {
        "revision" : "b847a202a517a90763e8fd0656d8028aeee7b78d",
        "version" : "8.20.0"
      }
    }
  ],
  "version" : 2
}
